
Microsoft Visual Studio Solution File, Format Version 12.00
# Visual Studio Version 17
VisualStudioVersion = 17.6.33801.468
MinimumVisualStudioVersion = 10.0.40219.1
Project("{FAE04EC0-301F-11D3-BF4B-00C04F79EFBC}") = "FitLife", "FitLife\FitLife.csproj", "{2ECD0DCE-6341-46DC-A87F-D1F50E16BB01}"
EndProject
Global
	GlobalSection(SolutionConfigurationPlatforms) = preSolution
		Debug|Any CPU = Debug|Any CPU
		Release|Any CPU = Release|Any CPU
	EndGlobalSection
	GlobalSection(ProjectConfigurationPlatforms) = postSolution
		{2ECD0DCE-6341-46DC-A87F-D1F50E16BB01}.Debug|Any CPU.ActiveCfg = Debug|Any CPU
		{2ECD0DCE-6341-46DC-A87F-D1F50E16BB01}.Debug|Any CPU.Build.0 = Debug|Any CPU
		{2ECD0DCE-6341-46DC-A87F-D1F50E16BB01}.Release|Any CPU.ActiveCfg = Release|Any CPU
		{2ECD0DCE-6341-46DC-A87F-D1F50E16BB01}.Release|Any CPU.Build.0 = Release|Any CPU
	EndGlobalSection
	GlobalSection(SolutionProperties) = preSolution
		HideSolutionNode = FALSE
	EndGlobalSection
	GlobalSection(ExtensibilityGlobals) = postSolution
		SolutionGuid = {AE61F663-4BB4-4990-A27D-976154F300A9}
	EndGlobalSection
EndGlobal
